// !$*UTF8*$!
{
	archiveVersion = 1;
	classes = {
	};
	objectVersion = 50;
	objects = {

/* Begin PBXBuildFile section */
		7C29E992216F33C00042CA3A /* CategoryHowToTableViewCell.swift in Sources */ = {isa = PBXBuildFile; fileRef = 7C29E991216F33C00042CA3A /* CategoryHowToTableViewCell.swift */; };
		7C29E994216F54160042CA3A /* DetailHowToTableViewCell.swift in Sources */ = {isa = PBXBuildFile; fileRef = 7C29E993216F54160042CA3A /* DetailHowToTableViewCell.swift */; };
		7C29E996217090D40042CA3A /* ImageListHowToViewController.swift in Sources */ = {isa = PBXBuildFile; fileRef = 7C29E995217090D40042CA3A /* ImageListHowToViewController.swift */; };
		7C29E998217099410042CA3A /* ImageListHowToPageViewController.swift in Sources */ = {isa = PBXBuildFile; fileRef = 7C29E997217099410042CA3A /* ImageListHowToPageViewController.swift */; };
		BA3DF15A216B3CCB00086617 /* Home.storyboard in Resources */ = {isa = PBXBuildFile; fileRef = BA3DF159216B3CCB00086617 /* Home.storyboard */; };
		BA3DF15C216B3CD400086617 /* HowTo.storyboard in Resources */ = {isa = PBXBuildFile; fileRef = BA3DF15B216B3CD400086617 /* HowTo.storyboard */; };
		BA3DF15E216B3CDE00086617 /* Chart.storyboard in Resources */ = {isa = PBXBuildFile; fileRef = BA3DF15D216B3CDE00086617 /* Chart.storyboard */; };
		BA3DF160216B3CEA00086617 /* Immunization.storyboard in Resources */ = {isa = PBXBuildFile; fileRef = BA3DF15F216B3CEA00086617 /* Immunization.storyboard */; };
		BA3DF162216B3CFD00086617 /* Settings.storyboard in Resources */ = {isa = PBXBuildFile; fileRef = BA3DF161216B3CFD00086617 /* Settings.storyboard */; };
		BA3DF16D216B465300086617 /* Nunito-Bold.ttf in Resources */ = {isa = PBXBuildFile; fileRef = BA3DF169216B464600086617 /* Nunito-Bold.ttf */; };
		BA3DF16E216B465600086617 /* Nunito-Black.ttf in Resources */ = {isa = PBXBuildFile; fileRef = BA3DF16A216B464600086617 /* Nunito-Black.ttf */; };
		BA3DF16F216B465900086617 /* Nunito-ExtraBold.ttf in Resources */ = {isa = PBXBuildFile; fileRef = BA3DF168216B464600086617 /* Nunito-ExtraBold.ttf */; };
		BA3DF170216B465C00086617 /* Nunito-ExtraLight.ttf in Resources */ = {isa = PBXBuildFile; fileRef = BA3DF16C216B464600086617 /* Nunito-ExtraLight.ttf */; };
		BA3DF171216B465F00086617 /* Nunito-Light.ttf in Resources */ = {isa = PBXBuildFile; fileRef = BA3DF165216B464500086617 /* Nunito-Light.ttf */; };
		BA3DF172216B466100086617 /* Nunito-Medium.ttf in Resources */ = {isa = PBXBuildFile; fileRef = BA3DF16B216B464600086617 /* Nunito-Medium.ttf */; };
		BA3DF173216B466400086617 /* Nunito-Regular.ttf in Resources */ = {isa = PBXBuildFile; fileRef = BA3DF166216B464500086617 /* Nunito-Regular.ttf */; };
		BA3DF174216B466700086617 /* Nunito-SemiBold.ttf in Resources */ = {isa = PBXBuildFile; fileRef = BA3DF167216B464500086617 /* Nunito-SemiBold.ttf */; };
		BA3DF176216B48B500086617 /* HomeViewController.swift in Sources */ = {isa = PBXBuildFile; fileRef = BA3DF175216B48B500086617 /* HomeViewController.swift */; };
		BA3DF178216B502B00086617 /* PilihUmurViewController.swift in Sources */ = {isa = PBXBuildFile; fileRef = BA3DF177216B502B00086617 /* PilihUmurViewController.swift */; };
		BAC82D55216772B300C4D2EB /* AppDelegate.swift in Sources */ = {isa = PBXBuildFile; fileRef = BAC82D54216772B300C4D2EB /* AppDelegate.swift */; };
		BAC82D5A216772B300C4D2EB /* Main.storyboard in Resources */ = {isa = PBXBuildFile; fileRef = BAC82D58216772B300C4D2EB /* Main.storyboard */; };
		BAC82D5D216772B300C4D2EB /* Aysi_MC3_.xcdatamodeld in Sources */ = {isa = PBXBuildFile; fileRef = BAC82D5B216772B300C4D2EB /* Aysi_MC3_.xcdatamodeld */; };
		BAC82D5F216772B400C4D2EB /* Assets.xcassets in Resources */ = {isa = PBXBuildFile; fileRef = BAC82D5E216772B400C4D2EB /* Assets.xcassets */; };
		BAC82D62216772B400C4D2EB /* LaunchScreen.storyboard in Resources */ = {isa = PBXBuildFile; fileRef = BAC82D60216772B400C4D2EB /* LaunchScreen.storyboard */; };
		BAD99855216C9CF800A160BC /* PilihUmurTableViewController.swift in Sources */ = {isa = PBXBuildFile; fileRef = BAD99854216C9CF800A160BC /* PilihUmurTableViewController.swift */; };
		BAD99857216CB82200A160BC /* Globals.swift in Sources */ = {isa = PBXBuildFile; fileRef = BAD99856216CB82200A160BC /* Globals.swift */; };
		BAD9985A216DE04200A160BC /* CategoryHowToViewController.swift in Sources */ = {isa = PBXBuildFile; fileRef = BAD99859216DE04200A160BC /* CategoryHowToViewController.swift */; };
		BAD9985C216DE05900A160BC /* ListHowToViewController.swift in Sources */ = {isa = PBXBuildFile; fileRef = BAD9985B216DE05900A160BC /* ListHowToViewController.swift */; };
		BAD9985E216DE0E500A160BC /* DetailHowToViewController.swift in Sources */ = {isa = PBXBuildFile; fileRef = BAD9985D216DE0E500A160BC /* DetailHowToViewController.swift */; };
/* End PBXBuildFile section */

/* Begin PBXFileReference section */
		7C29E991216F33C00042CA3A /* CategoryHowToTableViewCell.swift */ = {isa = PBXFileReference; lastKnownFileType = sourcecode.swift; path = CategoryHowToTableViewCell.swift; sourceTree = "<group>"; };
		7C29E993216F54160042CA3A /* DetailHowToTableViewCell.swift */ = {isa = PBXFileReference; lastKnownFileType = sourcecode.swift; path = DetailHowToTableViewCell.swift; sourceTree = "<group>"; };
		7C29E995217090D40042CA3A /* ImageListHowToViewController.swift */ = {isa = PBXFileReference; lastKnownFileType = sourcecode.swift; path = ImageListHowToViewController.swift; sourceTree = "<group>"; };
		7C29E997217099410042CA3A /* ImageListHowToPageViewController.swift */ = {isa = PBXFileReference; lastKnownFileType = sourcecode.swift; path = ImageListHowToPageViewController.swift; sourceTree = "<group>"; };
		BA3DF159216B3CCB00086617 /* Home.storyboard */ = {isa = PBXFileReference; lastKnownFileType = file.storyboard; path = Home.storyboard; sourceTree = "<group>"; };
		BA3DF15B216B3CD400086617 /* HowTo.storyboard */ = {isa = PBXFileReference; lastKnownFileType = file.storyboard; path = HowTo.storyboard; sourceTree = "<group>"; };
		BA3DF15D216B3CDE00086617 /* Chart.storyboard */ = {isa = PBXFileReference; lastKnownFileType = file.storyboard; path = Chart.storyboard; sourceTree = "<group>"; };
		BA3DF15F216B3CEA00086617 /* Immunization.storyboard */ = {isa = PBXFileReference; lastKnownFileType = file.storyboard; path = Immunization.storyboard; sourceTree = "<group>"; };
		BA3DF161216B3CFD00086617 /* Settings.storyboard */ = {isa = PBXFileReference; lastKnownFileType = file.storyboard; path = Settings.storyboard; sourceTree = "<group>"; };
		BA3DF165216B464500086617 /* Nunito-Light.ttf */ = {isa = PBXFileReference; lastKnownFileType = file; path = "Nunito-Light.ttf"; sourceTree = "<group>"; };
		BA3DF166216B464500086617 /* Nunito-Regular.ttf */ = {isa = PBXFileReference; lastKnownFileType = file; path = "Nunito-Regular.ttf"; sourceTree = "<group>"; };
		BA3DF167216B464500086617 /* Nunito-SemiBold.ttf */ = {isa = PBXFileReference; lastKnownFileType = file; path = "Nunito-SemiBold.ttf"; sourceTree = "<group>"; };
		BA3DF168216B464600086617 /* Nunito-ExtraBold.ttf */ = {isa = PBXFileReference; lastKnownFileType = file; path = "Nunito-ExtraBold.ttf"; sourceTree = "<group>"; };
		BA3DF169216B464600086617 /* Nunito-Bold.ttf */ = {isa = PBXFileReference; lastKnownFileType = file; path = "Nunito-Bold.ttf"; sourceTree = "<group>"; };
		BA3DF16A216B464600086617 /* Nunito-Black.ttf */ = {isa = PBXFileReference; lastKnownFileType = file; path = "Nunito-Black.ttf"; sourceTree = "<group>"; };
		BA3DF16B216B464600086617 /* Nunito-Medium.ttf */ = {isa = PBXFileReference; lastKnownFileType = file; path = "Nunito-Medium.ttf"; sourceTree = "<group>"; };
		BA3DF16C216B464600086617 /* Nunito-ExtraLight.ttf */ = {isa = PBXFileReference; lastKnownFileType = file; path = "Nunito-ExtraLight.ttf"; sourceTree = "<group>"; };
		BA3DF175216B48B500086617 /* HomeViewController.swift */ = {isa = PBXFileReference; lastKnownFileType = sourcecode.swift; path = HomeViewController.swift; sourceTree = "<group>"; };
		BA3DF177216B502B00086617 /* PilihUmurViewController.swift */ = {isa = PBXFileReference; lastKnownFileType = sourcecode.swift; path = PilihUmurViewController.swift; sourceTree = "<group>"; };
		BAC82D51216772B300C4D2EB /* Aysi-MC3+.app */ = {isa = PBXFileReference; explicitFileType = wrapper.application; includeInIndex = 0; path = "Aysi-MC3+.app"; sourceTree = BUILT_PRODUCTS_DIR; };
		BAC82D54216772B300C4D2EB /* AppDelegate.swift */ = {isa = PBXFileReference; lastKnownFileType = sourcecode.swift; path = AppDelegate.swift; sourceTree = "<group>"; };
		BAC82D59216772B300C4D2EB /* Base */ = {isa = PBXFileReference; lastKnownFileType = file.storyboard; name = Base; path = Base.lproj/Main.storyboard; sourceTree = "<group>"; };
		BAC82D5C216772B300C4D2EB /* Aysi_MC3_.xcdatamodel */ = {isa = PBXFileReference; lastKnownFileType = wrapper.xcdatamodel; path = Aysi_MC3_.xcdatamodel; sourceTree = "<group>"; };
		BAC82D5E216772B400C4D2EB /* Assets.xcassets */ = {isa = PBXFileReference; lastKnownFileType = folder.assetcatalog; path = Assets.xcassets; sourceTree = "<group>"; };
		BAC82D61216772B400C4D2EB /* Base */ = {isa = PBXFileReference; lastKnownFileType = file.storyboard; name = Base; path = Base.lproj/LaunchScreen.storyboard; sourceTree = "<group>"; };
		BAC82D63216772B400C4D2EB /* Info.plist */ = {isa = PBXFileReference; lastKnownFileType = text.plist.xml; path = Info.plist; sourceTree = "<group>"; };
		BAD99854216C9CF800A160BC /* PilihUmurTableViewController.swift */ = {isa = PBXFileReference; lastKnownFileType = sourcecode.swift; path = PilihUmurTableViewController.swift; sourceTree = "<group>"; };
		BAD99856216CB82200A160BC /* Globals.swift */ = {isa = PBXFileReference; lastKnownFileType = sourcecode.swift; path = Globals.swift; sourceTree = "<group>"; };
		BAD99859216DE04200A160BC /* CategoryHowToViewController.swift */ = {isa = PBXFileReference; lastKnownFileType = sourcecode.swift; path = CategoryHowToViewController.swift; sourceTree = "<group>"; };
		BAD9985B216DE05900A160BC /* ListHowToViewController.swift */ = {isa = PBXFileReference; lastKnownFileType = sourcecode.swift; path = ListHowToViewController.swift; sourceTree = "<group>"; };
		BAD9985D216DE0E500A160BC /* DetailHowToViewController.swift */ = {isa = PBXFileReference; lastKnownFileType = sourcecode.swift; path = DetailHowToViewController.swift; sourceTree = "<group>"; };
/* End PBXFileReference section */

/* Begin PBXFrameworksBuildPhase section */
		BAC82D4E216772B300C4D2EB /* Frameworks */ = {
			isa = PBXFrameworksBuildPhase;
			buildActionMask = 2147483647;
			files = (
			);
			runOnlyForDeploymentPostprocessing = 0;
		};
/* End PBXFrameworksBuildPhase section */

/* Begin PBXGroup section */
		BA3DF155216B3AC200086617 /* Model */ = {
			isa = PBXGroup;
			children = (
				BAD99856216CB82200A160BC /* Globals.swift */,
			);
			path = Model;
			sourceTree = "<group>";
		};
		BA3DF156216B3ACD00086617 /* View */ = {
			isa = PBXGroup;
			children = (
				BAC82D60216772B400C4D2EB /* LaunchScreen.storyboard */,
				BAC82D58216772B300C4D2EB /* Main.storyboard */,
				BA3DF159216B3CCB00086617 /* Home.storyboard */,
				BA3DF15B216B3CD400086617 /* HowTo.storyboard */,
				BA3DF15D216B3CDE00086617 /* Chart.storyboard */,
				BA3DF15F216B3CEA00086617 /* Immunization.storyboard */,
				BA3DF161216B3CFD00086617 /* Settings.storyboard */,
			);
			path = View;
			sourceTree = "<group>";
		};
		BA3DF157216B3AD200086617 /* Controller */ = {
			isa = PBXGroup;
			children = (
				BA3DF179216B507800086617 /* Home */,
				BAD99858216DDFC800A160BC /* How To */,
			);
			path = Controller;
			sourceTree = "<group>";
		};
		BA3DF158216B3B8400086617 /* Additional */ = {
			isa = PBXGroup;
			children = (
				BA3DF164216B463500086617 /* Fonts */,
				BAC82D54216772B300C4D2EB /* AppDelegate.swift */,
				BAC82D5E216772B400C4D2EB /* Assets.xcassets */,
			);
			path = Additional;
			sourceTree = "<group>";
		};
		BA3DF164216B463500086617 /* Fonts */ = {
			isa = PBXGroup;
			children = (
				BA3DF16A216B464600086617 /* Nunito-Black.ttf */,
				BA3DF169216B464600086617 /* Nunito-Bold.ttf */,
				BA3DF168216B464600086617 /* Nunito-ExtraBold.ttf */,
				BA3DF16C216B464600086617 /* Nunito-ExtraLight.ttf */,
				BA3DF165216B464500086617 /* Nunito-Light.ttf */,
				BA3DF16B216B464600086617 /* Nunito-Medium.ttf */,
				BA3DF166216B464500086617 /* Nunito-Regular.ttf */,
				BA3DF167216B464500086617 /* Nunito-SemiBold.ttf */,
			);
			path = Fonts;
			sourceTree = "<group>";
		};
		BA3DF179216B507800086617 /* Home */ = {
			isa = PBXGroup;
			children = (
				BA3DF175216B48B500086617 /* HomeViewController.swift */,
				BA3DF177216B502B00086617 /* PilihUmurViewController.swift */,
				BAD99854216C9CF800A160BC /* PilihUmurTableViewController.swift */,
			);
			path = Home;
			sourceTree = "<group>";
		};
		BAC82D48216772B200C4D2EB = {
			isa = PBXGroup;
			children = (
				BAC82D53216772B300C4D2EB /* Aysi-MC3+ */,
				BAC82D52216772B300C4D2EB /* Products */,
			);
			sourceTree = "<group>";
		};
		BAC82D52216772B300C4D2EB /* Products */ = {
			isa = PBXGroup;
			children = (
				BAC82D51216772B300C4D2EB /* Aysi-MC3+.app */,
			);
			name = Products;
			sourceTree = "<group>";
		};
		BAC82D53216772B300C4D2EB /* Aysi-MC3+ */ = {
			isa = PBXGroup;
			children = (
				BA3DF155216B3AC200086617 /* Model */,
				BA3DF156216B3ACD00086617 /* View */,
				BA3DF157216B3AD200086617 /* Controller */,
				BA3DF158216B3B8400086617 /* Additional */,
				BAC82D63216772B400C4D2EB /* Info.plist */,
				BAC82D5B216772B300C4D2EB /* Aysi_MC3_.xcdatamodeld */,
			);
			path = "Aysi-MC3+";
			sourceTree = "<group>";
		};
		BAD99858216DDFC800A160BC /* How To */ = {
			isa = PBXGroup;
			children = (
				BAD99859216DE04200A160BC /* CategoryHowToViewController.swift */,
				BAD9985D216DE0E500A160BC /* DetailHowToViewController.swift */,
				BAD9985B216DE05900A160BC /* ListHowToViewController.swift */,
				7C29E993216F54160042CA3A /* DetailHowToTableViewCell.swift */,
				7C29E991216F33C00042CA3A /* CategoryHowToTableViewCell.swift */,
				7C29E995217090D40042CA3A /* ImageListHowToViewController.swift */,
				7C29E997217099410042CA3A /* ImageListHowToPageViewController.swift */,
			);
			path = "How To";
			sourceTree = "<group>";
		};
/* End PBXGroup section */

/* Begin PBXNativeTarget section */
		BAC82D50216772B300C4D2EB /* Aysi-MC3+ */ = {
			isa = PBXNativeTarget;
			buildConfigurationList = BAC82D66216772B400C4D2EB /* Build configuration list for PBXNativeTarget "Aysi-MC3+" */;
			buildPhases = (
				BAC82D4D216772B300C4D2EB /* Sources */,
				BAC82D4E216772B300C4D2EB /* Frameworks */,
				BAC82D4F216772B300C4D2EB /* Resources */,
			);
			buildRules = (
			);
			dependencies = (
			);
			name = "Aysi-MC3+";
			productName = "Aysi-MC3+";
			productReference = BAC82D51216772B300C4D2EB /* Aysi-MC3+.app */;
			productType = "com.apple.product-type.application";
		};
/* End PBXNativeTarget section */

/* Begin PBXProject section */
		BAC82D49216772B200C4D2EB /* Project object */ = {
			isa = PBXProject;
			attributes = {
				LastSwiftUpdateCheck = 1000;
				LastUpgradeCheck = 1000;
				ORGANIZATIONNAME = "Ferlix Yanto Wang";
				TargetAttributes = {
					BAC82D50216772B300C4D2EB = {
						CreatedOnToolsVersion = 10.0;
					};
				};
			};
			buildConfigurationList = BAC82D4C216772B300C4D2EB /* Build configuration list for PBXProject "Aysi-MC3+" */;
			compatibilityVersion = "Xcode 9.3";
			developmentRegion = en;
			hasScannedForEncodings = 0;
			knownRegions = (
				en,
				Base,
			);
			mainGroup = BAC82D48216772B200C4D2EB;
			productRefGroup = BAC82D52216772B300C4D2EB /* Products */;
			projectDirPath = "";
			projectRoot = "";
			targets = (
				BAC82D50216772B300C4D2EB /* Aysi-MC3+ */,
			);
		};
/* End PBXProject section */

/* Begin PBXResourcesBuildPhase section */
		BAC82D4F216772B300C4D2EB /* Resources */ = {
			isa = PBXResourcesBuildPhase;
			buildActionMask = 2147483647;
			files = (
				BA3DF173216B466400086617 /* Nunito-Regular.ttf in Resources */,
				BA3DF16F216B465900086617 /* Nunito-ExtraBold.ttf in Resources */,
				BAC82D62216772B400C4D2EB /* LaunchScreen.storyboard in Resources */,
				BA3DF16E216B465600086617 /* Nunito-Black.ttf in Resources */,
				BA3DF170216B465C00086617 /* Nunito-ExtraLight.ttf in Resources */,
				BA3DF172216B466100086617 /* Nunito-Medium.ttf in Resources */,
				BA3DF15C216B3CD400086617 /* HowTo.storyboard in Resources */,
				BAC82D5F216772B400C4D2EB /* Assets.xcassets in Resources */,
				BA3DF174216B466700086617 /* Nunito-SemiBold.ttf in Resources */,
				BA3DF162216B3CFD00086617 /* Settings.storyboard in Resources */,
				BA3DF16D216B465300086617 /* Nunito-Bold.ttf in Resources */,
				BAC82D5A216772B300C4D2EB /* Main.storyboard in Resources */,
				BA3DF171216B465F00086617 /* Nunito-Light.ttf in Resources */,
				BA3DF160216B3CEA00086617 /* Immunization.storyboard in Resources */,
				BA3DF15A216B3CCB00086617 /* Home.storyboard in Resources */,
				BA3DF15E216B3CDE00086617 /* Chart.storyboard in Resources */,
			);
			runOnlyForDeploymentPostprocessing = 0;
		};
/* End PBXResourcesBuildPhase section */

/* Begin PBXSourcesBuildPhase section */
		BAC82D4D216772B300C4D2EB /* Sources */ = {
			isa = PBXSourcesBuildPhase;
			buildActionMask = 2147483647;
			files = (
				BAC82D5D216772B300C4D2EB /* Aysi_MC3_.xcdatamodeld in Sources */,
				7C29E998217099410042CA3A /* ImageListHowToPageViewController.swift in Sources */,
				7C29E994216F54160042CA3A /* DetailHowToTableViewCell.swift in Sources */,
				BAC82D55216772B300C4D2EB /* AppDelegate.swift in Sources */,
				BAD9985E216DE0E500A160BC /* DetailHowToViewController.swift in Sources */,
				BAD99857216CB82200A160BC /* Globals.swift in Sources */,
				7C29E992216F33C00042CA3A /* CategoryHowToTableViewCell.swift in Sources */,
				BA3DF178216B502B00086617 /* PilihUmurViewController.swift in Sources */,
				BAD9985C216DE05900A160BC /* ListHowToViewController.swift in Sources */,
				7C29E996217090D40042CA3A /* ImageListHowToViewController.swift in Sources */,
				BAD9985A216DE04200A160BC /* CategoryHowToViewController.swift in Sources */,
				BA3DF176216B48B500086617 /* HomeViewController.swift in Sources */,
				BAD99855216C9CF800A160BC /* PilihUmurTableViewController.swift in Sources */,
			);
			runOnlyForDeploymentPostprocessing = 0;
		};
/* End PBXSourcesBuildPhase section */

/* Begin PBXVariantGroup section */
		BAC82D58216772B300C4D2EB /* Main.storyboard */ = {
			isa = PBXVariantGroup;
			children = (
				BAC82D59216772B300C4D2EB /* Base */,
			);
			name = Main.storyboard;
			sourceTree = "<group>";
		};
		BAC82D60216772B400C4D2EB /* LaunchScreen.storyboard */ = {
			isa = PBXVariantGroup;
			children = (
				BAC82D61216772B400C4D2EB /* Base */,
			);
			name = LaunchScreen.storyboard;
			sourceTree = "<group>";
		};
/* End PBXVariantGroup section */

/* Begin XCBuildConfiguration section */
		BAC82D64216772B400C4D2EB /* Debug */ = {
			isa = XCBuildConfiguration;
			buildSettings = {
				ALWAYS_SEARCH_USER_PATHS = NO;
				CLANG_ANALYZER_NONNULL = YES;
				CLANG_ANALYZER_NUMBER_OBJECT_CONVERSION = YES_AGGRESSIVE;
				CLANG_CXX_LANGUAGE_STANDARD = "gnu++14";
				CLANG_CXX_LIBRARY = "libc++";
				CLANG_ENABLE_MODULES = YES;
				CLANG_ENABLE_OBJC_ARC = YES;
				CLANG_ENABLE_OBJC_WEAK = YES;
				CLANG_WARN_BLOCK_CAPTURE_AUTORELEASING = YES;
				CLANG_WARN_BOOL_CONVERSION = YES;
				CLANG_WARN_COMMA = YES;
				CLANG_WARN_CONSTANT_CONVERSION = YES;
				CLANG_WARN_DEPRECATED_OBJC_IMPLEMENTATIONS = YES;
				CLANG_WARN_DIRECT_OBJC_ISA_USAGE = YES_ERROR;
				CLANG_WARN_DOCUMENTATION_COMMENTS = YES;
				CLANG_WARN_EMPTY_BODY = YES;
				CLANG_WARN_ENUM_CONVERSION = YES;
				CLANG_WARN_INFINITE_RECURSION = YES;
				CLANG_WARN_INT_CONVERSION = YES;
				CLANG_WARN_NON_LITERAL_NULL_CONVERSION = YES;
				CLANG_WARN_OBJC_IMPLICIT_RETAIN_SELF = YES;
				CLANG_WARN_OBJC_LITERAL_CONVERSION = YES;
				CLANG_WARN_OBJC_ROOT_CLASS = YES_ERROR;
				CLANG_WARN_RANGE_LOOP_ANALYSIS = YES;
				CLANG_WARN_STRICT_PROTOTYPES = YES;
				CLANG_WARN_SUSPICIOUS_MOVE = YES;
				CLANG_WARN_UNGUARDED_AVAILABILITY = YES_AGGRESSIVE;
				CLANG_WARN_UNREACHABLE_CODE = YES;
				CLANG_WARN__DUPLICATE_METHOD_MATCH = YES;
				CODE_SIGN_IDENTITY = "iPhone Developer";
				COPY_PHASE_STRIP = NO;
				DEBUG_INFORMATION_FORMAT = dwarf;
				ENABLE_STRICT_OBJC_MSGSEND = YES;
				ENABLE_TESTABILITY = YES;
				GCC_C_LANGUAGE_STANDARD = gnu11;
				GCC_DYNAMIC_NO_PIC = NO;
				GCC_NO_COMMON_BLOCKS = YES;
				GCC_OPTIMIZATION_LEVEL = 0;
				GCC_PREPROCESSOR_DEFINITIONS = (
					"DEBUG=1",
					"$(inherited)",
				);
				GCC_WARN_64_TO_32_BIT_CONVERSION = YES;
				GCC_WARN_ABOUT_RETURN_TYPE = YES_ERROR;
				GCC_WARN_UNDECLARED_SELECTOR = YES;
				GCC_WARN_UNINITIALIZED_AUTOS = YES_AGGRESSIVE;
				GCC_WARN_UNUSED_FUNCTION = YES;
				GCC_WARN_UNUSED_VARIABLE = YES;
				IPHONEOS_DEPLOYMENT_TARGET = 12.0;
				MTL_ENABLE_DEBUG_INFO = INCLUDE_SOURCE;
				MTL_FAST_MATH = YES;
				ONLY_ACTIVE_ARCH = YES;
				SDKROOT = iphoneos;
				SWIFT_ACTIVE_COMPILATION_CONDITIONS = DEBUG;
				SWIFT_OPTIMIZATION_LEVEL = "-Onone";
			};
			name = Debug;
		};
		BAC82D65216772B400C4D2EB /* Release */ = {
			isa = XCBuildConfiguration;
			buildSettings = {
				ALWAYS_SEARCH_USER_PATHS = NO;
				CLANG_ANALYZER_NONNULL = YES;
				CLANG_ANALYZER_NUMBER_OBJECT_CONVERSION = YES_AGGRESSIVE;
				CLANG_CXX_LANGUAGE_STANDARD = "gnu++14";
				CLANG_CXX_LIBRARY = "libc++";
				CLANG_ENABLE_MODULES = YES;
				CLANG_ENABLE_OBJC_ARC = YES;
				CLANG_ENABLE_OBJC_WEAK = YES;
				CLANG_WARN_BLOCK_CAPTURE_AUTORELEASING = YES;
				CLANG_WARN_BOOL_CONVERSION = YES;
				CLANG_WARN_COMMA = YES;
				CLANG_WARN_CONSTANT_CONVERSION = YES;
				CLANG_WARN_DEPRECATED_OBJC_IMPLEMENTATIONS = YES;
				CLANG_WARN_DIRECT_OBJC_ISA_USAGE = YES_ERROR;
				CLANG_WARN_DOCUMENTATION_COMMENTS = YES;
				CLANG_WARN_EMPTY_BODY = YES;
				CLANG_WARN_ENUM_CONVERSION = YES;
				CLANG_WARN_INFINITE_RECURSION = YES;
				CLANG_WARN_INT_CONVERSION = YES;
				CLANG_WARN_NON_LITERAL_NULL_CONVERSION = YES;
				CLANG_WARN_OBJC_IMPLICIT_RETAIN_SELF = YES;
				CLANG_WARN_OBJC_LITERAL_CONVERSION = YES;
				CLANG_WARN_OBJC_ROOT_CLASS = YES_ERROR;
				CLANG_WARN_RANGE_LOOP_ANALYSIS = YES;
				CLANG_WARN_STRICT_PROTOTYPES = YES;
				CLANG_WARN_SUSPICIOUS_MOVE = YES;
				CLANG_WARN_UNGUARDED_AVAILABILITY = YES_AGGRESSIVE;
				CLANG_WARN_UNREACHABLE_CODE = YES;
				CLANG_WARN__DUPLICATE_METHOD_MATCH = YES;
				CODE_SIGN_IDENTITY = "iPhone Developer";
				COPY_PHASE_STRIP = NO;
				DEBUG_INFORMATION_FORMAT = "dwarf-with-dsym";
				ENABLE_NS_ASSERTIONS = NO;
				ENABLE_STRICT_OBJC_MSGSEND = YES;
				GCC_C_LANGUAGE_STANDARD = gnu11;
				GCC_NO_COMMON_BLOCKS = YES;
				GCC_WARN_64_TO_32_BIT_CONVERSION = YES;
				GCC_WARN_ABOUT_RETURN_TYPE = YES_ERROR;
				GCC_WARN_UNDECLARED_SELECTOR = YES;
				GCC_WARN_UNINITIALIZED_AUTOS = YES_AGGRESSIVE;
				GCC_WARN_UNUSED_FUNCTION = YES;
				GCC_WARN_UNUSED_VARIABLE = YES;
				IPHONEOS_DEPLOYMENT_TARGET = 12.0;
				MTL_ENABLE_DEBUG_INFO = NO;
				MTL_FAST_MATH = YES;
				SDKROOT = iphoneos;
				SWIFT_COMPILATION_MODE = wholemodule;
				SWIFT_OPTIMIZATION_LEVEL = "-O";
				VALIDATE_PRODUCT = YES;
			};
			name = Release;
		};
		BAC82D67216772B400C4D2EB /* Debug */ = {
			isa = XCBuildConfiguration;
			buildSettings = {
				ASSETCATALOG_COMPILER_APPICON_NAME = AppIcon;
				CODE_SIGN_STYLE = Automatic;
				DEVELOPMENT_TEAM = 38FBS5765W;
				INFOPLIST_FILE = "Aysi-MC3+/Info.plist";
				LD_RUNPATH_SEARCH_PATHS = (
					"$(inherited)",
					"@executable_path/Frameworks",
				);
				PRODUCT_BUNDLE_IDENTIFIER = "Ferlix.Aysi-MC3-";
				PRODUCT_NAME = "$(TARGET_NAME)";
				SWIFT_VERSION = 4.2;
				TARGETED_DEVICE_FAMILY = "1,2";
			};
			name = Debug;
		};
		BAC82D68216772B400C4D2EB /* Release */ = {
			isa = XCBuildConfiguration;
			buildSettings = {
				ASSETCATALOG_COMPILER_APPICON_NAME = AppIcon;
				CODE_SIGN_STYLE = Automatic;
				DEVELOPMENT_TEAM = 38FBS5765W;
				INFOPLIST_FILE = "Aysi-MC3+/Info.plist";
				LD_RUNPATH_SEARCH_PATHS = (
					"$(inherited)",
					"@executable_path/Frameworks",
				);
				PRODUCT_BUNDLE_IDENTIFIER = "Ferlix.Aysi-MC3-";
				PRODUCT_NAME = "$(TARGET_NAME)";
				SWIFT_VERSION = 4.2;
				TARGETED_DEVICE_FAMILY = "1,2";
			};
			name = Release;
		};
/* End XCBuildConfiguration section */

/* Begin XCConfigurationList section */
		BAC82D4C216772B300C4D2EB /* Build configuration list for PBXProject "Aysi-MC3+" */ = {
			isa = XCConfigurationList;
			buildConfigurations = (
				BAC82D64216772B400C4D2EB /* Debug */,
				BAC82D65216772B400C4D2EB /* Release */,
			);
			defaultConfigurationIsVisible = 0;
			defaultConfigurationName = Release;
		};
		BAC82D66216772B400C4D2EB /* Build configuration list for PBXNativeTarget "Aysi-MC3+" */ = {
			isa = XCConfigurationList;
			buildConfigurations = (
				BAC82D67216772B400C4D2EB /* Debug */,
				BAC82D68216772B400C4D2EB /* Release */,
			);
			defaultConfigurationIsVisible = 0;
			defaultConfigurationName = Release;
		};
/* End XCConfigurationList section */

/* Begin XCVersionGroup section */
		BAC82D5B216772B300C4D2EB /* Aysi_MC3_.xcdatamodeld */ = {
			isa = XCVersionGroup;
			children = (
				BAC82D5C216772B300C4D2EB /* Aysi_MC3_.xcdatamodel */,
			);
			currentVersion = BAC82D5C216772B300C4D2EB /* Aysi_MC3_.xcdatamodel */;
			path = Aysi_MC3_.xcdatamodeld;
			sourceTree = "<group>";
			versionGroupType = wrapper.xcdatamodel;
		};
/* End XCVersionGroup section */
	};
	rootObject = BAC82D49216772B200C4D2EB /* Project object */;
}
